
Microsoft Visual Studio Solution File, Format Version 12.00
# Visual Studio Version 16
VisualStudioVersion = 16.0.31624.102
MinimumVisualStudioVersion = 10.0.40219.1
Project("{FAE04EC0-301F-11D3-BF4B-00C04F79EFBC}") = "Anis.Purchases", "Anis.Purchases\Anis.Purchases.csproj", "{A2B14533-3210-4355-AAD1-B791079FCBF8}"
EndProject
Global
	GlobalSection(SolutionConfigurationPlatforms) = preSolution
		Debug|Any CPU = Debug|Any CPU
		Release|Any CPU = Release|Any CPU
	EndGlobalSection
	GlobalSection(ProjectConfigurationPlatforms) = postSolution
		{A2B14533-3210-4355-AAD1-B791079FCBF8}.Debug|Any CPU.ActiveCfg = Debug|Any CPU
		{A2B14533-3210-4355-AAD1-B791079FCBF8}.Debug|Any CPU.Build.0 = Debug|Any CPU
		{A2B14533-3210-4355-AAD1-B791079FCBF8}.Release|Any CPU.ActiveCfg = Release|Any CPU
		{A2B14533-3210-4355-AAD1-B791079FCBF8}.Release|Any CPU.Build.0 = Release|Any CPU
	EndGlobalSection
	GlobalSection(SolutionProperties) = preSolution
		HideSolutionNode = FALSE
	EndGlobalSection
	GlobalSection(ExtensibilityGlobals) = postSolution
		SolutionGuid = {36DF3F2C-9BC2-4A61-9534-0DFEE4C54D3B}
	EndGlobalSection
EndGlobal
